
Microsoft Visual Studio Solution File, Format Version 12.00
# Visual Studio Version 17
VisualStudioVersion = 17.4.33122.133
MinimumVisualStudioVersion = 10.0.40219.1
Project("{FAE04EC0-301F-11D3-BF4B-00C04F79EFBC}") = "SOZ project", "SOZ project\SOZ project.csproj", "{64FF29E9-C9A3-425F-A8B1-9772A1AF27AB}"
EndProject
Global
	GlobalSection(SolutionConfigurationPlatforms) = preSolution
		Debug|Any CPU = Debug|Any CPU
		Release|Any CPU = Release|Any CPU
	EndGlobalSection
	GlobalSection(ProjectConfigurationPlatforms) = postSolution
		{64FF29E9-C9A3-425F-A8B1-9772A1AF27AB}.Debug|Any CPU.ActiveCfg = Debug|Any CPU
		{64FF29E9-C9A3-425F-A8B1-9772A1AF27AB}.Debug|Any CPU.Build.0 = Debug|Any CPU
		{64FF29E9-C9A3-425F-A8B1-9772A1AF27AB}.Release|Any CPU.ActiveCfg = Release|Any CPU
		{64FF29E9-C9A3-425F-A8B1-9772A1AF27AB}.Release|Any CPU.Build.0 = Release|Any CPU
	EndGlobalSection
	GlobalSection(SolutionProperties) = preSolution
		HideSolutionNode = FALSE
	EndGlobalSection
	GlobalSection(ExtensibilityGlobals) = postSolution
		SolutionGuid = {B46E6EC0-D389-4691-B89D-B4830B528E0A}
	EndGlobalSection
EndGlobal
